PODS:
  - DKCarouselView (1.4.12):
    - SDWebImageFLPlugin (~> 0.3)
  - FLAnimatedImage (1.0.12)
  - SDWebImage/Core (5.0.6)
  - SDWebImageFLPlugin (0.3.0):
    - FLAnimatedImage (>= 1.0.11)
    - SDWebImage/Core (~> 5.0)

DEPENDENCIES:
  - DKCarouselView (from `https://github.com/CRoig/DKCarouselView.git`, branch `develop`)
  - SDWebImageFLPlugin

SPEC REPOS:
  https://github.com/cocoapods/specs.git:
    - FLAnimatedImage
    - SDWebImage
    - SDWebImageFLPlugin

EXTERNAL SOURCES:
  DKCarouselView:
    :branch: develop
    :git: https://github.com/CRoig/DKCarouselView.git

CHECKOUT OPTIONS:
  DKCarouselView:
    :commit: 8e5d46126b72144b4b42da32ca7a3b444782acda
    :git: https://github.com/CRoig/DKCarouselView.git

SPEC CHECKSUMS:
  DKCarouselView: 01ff599d1e94792401260ad03756cd84ad323fad
  FLAnimatedImage: 4a0b56255d9b05f18b6dd7ee06871be5d3b89e31
  SDWebImage: 920f1a2ff1ca8296ad34f6e0510a1ef1d70ac965
  SDWebImageFLPlugin: cf3f4ae49f249dd785129346fd61bbc8433a88cf

PODFILE CHECKSUM: cf65288eb646ec4b9588aac468439a7ac9bf348c

COCOAPODS: 1.7.3
